// !$*UTF8*$!
{
	archiveVersion = 1;
	classes = {
	};
	objectVersion = 46;
	objects = {

/* Begin PBXBuildFile section */
		BB83AEDC197061A000BE674F /* ESSPhoneNumberFieldDemoViewController.m in Sources */ = {isa = PBXBuildFile; fileRef = BB83AEDA197061A000BE674F /* ESSPhoneNumberFieldDemoViewController.m */; };
		BB83AEDD197061A000BE674F /* ESSPhoneNumberFieldDemoViewController.xib in Resources */ = {isa = PBXBuildFile; fileRef = BB83AEDB197061A000BE674F /* ESSPhoneNumberFieldDemoViewController.xib */; };
		BB83AEE0197070D200BE674F /* ESSCountry.m in Sources */ = {isa = PBXBuildFile; fileRef = BB83AEDF197070D200BE674F /* ESSCountry.m */; };
		BBB93EF81971BCF500D49A8C /* ESSCountryChooserCell.m in Sources */ = {isa = PBXBuildFile; fileRef = BBB93EF61971BCF500D49A8C /* ESSCountryChooserCell.m */; };
		BBB93EF91971BCF500D49A8C /* ESSCountryChooserCell.xib in Resources */ = {isa = PBXBuildFile; fileRef = BBB93EF71971BCF500D49A8C /* ESSCountryChooserCell.xib */; };
		BBDB1F051970056800A0DE4C /* Foundation.framework in Frameworks */ = {isa = PBXBuildFile; fileRef = BBDB1F041970056800A0DE4C /* Foundation.framework */; };
		BBDB1F071970056800A0DE4C /* CoreGraphics.framework in Frameworks */ = {isa = PBXBuildFile; fileRef = BBDB1F061970056800A0DE4C /* CoreGraphics.framework */; };
		BBDB1F091970056800A0DE4C /* UIKit.framework in Frameworks */ = {isa = PBXBuildFile; fileRef = BBDB1F081970056800A0DE4C /* UIKit.framework */; };
		BBDB1F0F1970056800A0DE4C /* InfoPlist.strings in Resources */ = {isa = PBXBuildFile; fileRef = BBDB1F0D1970056800A0DE4C /* InfoPlist.strings */; };
		BBDB1F111970056800A0DE4C /* main.m in Sources */ = {isa = PBXBuildFile; fileRef = BBDB1F101970056800A0DE4C /* main.m */; };
		BBDB1F151970056800A0DE4C /* ESSAppDelegate.m in Sources */ = {isa = PBXBuildFile; fileRef = BBDB1F141970056800A0DE4C /* ESSAppDelegate.m */; };
		BBDB1F171970056800A0DE4C /* Images.xcassets in Resources */ = {isa = PBXBuildFile; fileRef = BBDB1F161970056800A0DE4C /* Images.xcassets */; };
		BBDB218419700C7100A0DE4C /* ESSPhoneNumberField.m in Sources */ = {isa = PBXBuildFile; fileRef = BBDB218319700C7100A0DE4C /* ESSPhoneNumberField.m */; };
		BBDB21871970107700A0DE4C /* ESSCountryChooser.m in Sources */ = {isa = PBXBuildFile; fileRef = BBDB21861970107700A0DE4C /* ESSCountryChooser.m */; };
		BBDB21F71970309100A0DE4C /* NBAsYouTypeFormatter.m in Sources */ = {isa = PBXBuildFile; fileRef = BBDB21E91970309100A0DE4C /* NBAsYouTypeFormatter.m */; };
		BBDB21F81970309100A0DE4C /* NBNumberFormat.m in Sources */ = {isa = PBXBuildFile; fileRef = BBDB21EB1970309100A0DE4C /* NBNumberFormat.m */; };
		BBDB21F91970309100A0DE4C /* NBPhoneMetaData.m in Sources */ = {isa = PBXBuildFile; fileRef = BBDB21ED1970309100A0DE4C /* NBPhoneMetaData.m */; };
		BBDB21FA1970309100A0DE4C /* NBPhoneNumber.m in Sources */ = {isa = PBXBuildFile; fileRef = BBDB21EF1970309100A0DE4C /* NBPhoneNumber.m */; };
		BBDB21FB1970309100A0DE4C /* NBPhoneNumberDesc.m in Sources */ = {isa = PBXBuildFile; fileRef = BBDB21F21970309100A0DE4C /* NBPhoneNumberDesc.m */; };
		BBDB21FC1970309100A0DE4C /* NBPhoneNumberUtil.m in Sources */ = {isa = PBXBuildFile; fileRef = BBDB21F41970309100A0DE4C /* NBPhoneNumberUtil.m */; };
		BBDB21FD1970309100A0DE4C /* NSArray+NBAdditions.m in Sources */ = {isa = PBXBuildFile; fileRef = BBDB21F61970309100A0DE4C /* NSArray+NBAdditions.m */; };
		BBDB22011970312400A0DE4C /* NBPhoneNumberMetadata.plist in Resources */ = {isa = PBXBuildFile; fileRef = BBDB21FF1970312400A0DE4C /* NBPhoneNumberMetadata.plist */; };
		BBDB22021970312400A0DE4C /* NBPhoneNumberMetadataForTesting.plist in Resources */ = {isa = PBXBuildFile; fileRef = BBDB22001970312400A0DE4C /* NBPhoneNumberMetadataForTesting.plist */; };
		BBDB22041970314900A0DE4C /* CoreTelephony.framework in Frameworks */ = {isa = PBXBuildFile; fileRef = BBDB22031970314900A0DE4C /* CoreTelephony.framework */; };
/* End PBXBuildFile section */

/* Begin PBXFileReference section */
		BB83AED9197061A000BE674F /* ESSPhoneNumberFieldDemoViewController.h */ = {isa = PBXFileReference; fileEncoding = 4; lastKnownFileType = sourcecode.c.h; path = ESSPhoneNumberFieldDemoViewController.h; sourceTree = "<group>"; };
		BB83AEDA197061A000BE674F /* ESSPhoneNumberFieldDemoViewController.m */ = {isa = PBXFileReference; fileEncoding = 4; lastKnownFileType = sourcecode.c.objc; path = ESSPhoneNumberFieldDemoViewController.m; sourceTree = "<group>"; };
		BB83AEDB197061A000BE674F /* ESSPhoneNumberFieldDemoViewController.xib */ = {isa = PBXFileReference; fileEncoding = 4; lastKnownFileType = file.xib; path = ESSPhoneNumberFieldDemoViewController.xib; sourceTree = "<group>"; };
		BB83AEDE197070D200BE674F /* ESSCountry.h */ = {isa = PBXFileReference; fileEncoding = 4; lastKnownFileType = sourcecode.c.h; path = ESSCountry.h; sourceTree = "<group>"; };
		BB83AEDF197070D200BE674F /* ESSCountry.m */ = {isa = PBXFileReference; fileEncoding = 4; lastKnownFileType = sourcecode.c.objc; path = ESSCountry.m; sourceTree = "<group>"; };
		BBB93EF51971BCF500D49A8C /* ESSCountryChooserCell.h */ = {isa = PBXFileReference; fileEncoding = 4; lastKnownFileType = sourcecode.c.h; path = ESSCountryChooserCell.h; sourceTree = "<group>"; };
		BBB93EF61971BCF500D49A8C /* ESSCountryChooserCell.m */ = {isa = PBXFileReference; fileEncoding = 4; lastKnownFileType = sourcecode.c.objc; path = ESSCountryChooserCell.m; sourceTree = "<group>"; };
		BBB93EF71971BCF500D49A8C /* ESSCountryChooserCell.xib */ = {isa = PBXFileReference; fileEncoding = 4; lastKnownFileType = file.xib; path = ESSCountryChooserCell.xib; sourceTree = "<group>"; };
		BBDB1F011970056800A0DE4C /* ESSPhoneNumberFieldDemo.app */ = {isa = PBXFileReference; explicitFileType = wrapper.application; includeInIndex = 0; path = ESSPhoneNumberFieldDemo.app; sourceTree = BUILT_PRODUCTS_DIR; };
		BBDB1F041970056800A0DE4C /* Foundation.framework */ = {isa = PBXFileReference; lastKnownFileType = wrapper.framework; name = Foundation.framework; path = System/Library/Frameworks/Foundation.framework; sourceTree = SDKROOT; };
		BBDB1F061970056800A0DE4C /* CoreGraphics.framework */ = {isa = PBXFileReference; lastKnownFileType = wrapper.framework; name = CoreGraphics.framework; path = System/Library/Frameworks/CoreGraphics.framework; sourceTree = SDKROOT; };
		BBDB1F081970056800A0DE4C /* UIKit.framework */ = {isa = PBXFileReference; lastKnownFileType = wrapper.framework; name = UIKit.framework; path = System/Library/Frameworks/UIKit.framework; sourceTree = SDKROOT; };
		BBDB1F0C1970056800A0DE4C /* ESSPhoneNumberFieldDemo-Info.plist */ = {isa = PBXFileReference; lastKnownFileType = text.plist.xml; path = "ESSPhoneNumberFieldDemo-Info.plist"; sourceTree = "<group>"; };
		BBDB1F0E1970056800A0DE4C /* en */ = {isa = PBXFileReference; lastKnownFileType = text.plist.strings; name = en; path = en.lproj/InfoPlist.strings; sourceTree = "<group>"; };
		BBDB1F101970056800A0DE4C /* main.m */ = {isa = PBXFileReference; lastKnownFileType = sourcecode.c.objc; path = main.m; sourceTree = "<group>"; };
		BBDB1F121970056800A0DE4C /* ESSPhoneNumberFieldDemo-Prefix.pch */ = {isa = PBXFileReference; lastKnownFileType = sourcecode.c.h; path = "ESSPhoneNumberFieldDemo-Prefix.pch"; sourceTree = "<group>"; };
		BBDB1F131970056800A0DE4C /* ESSAppDelegate.h */ = {isa = PBXFileReference; lastKnownFileType = sourcecode.c.h; path = ESSAppDelegate.h; sourceTree = "<group>"; };
		BBDB1F141970056800A0DE4C /* ESSAppDelegate.m */ = {isa = PBXFileReference; lastKnownFileType = sourcecode.c.objc; path = ESSAppDelegate.m; sourceTree = "<group>"; };
		BBDB1F161970056800A0DE4C /* Images.xcassets */ = {isa = PBXFileReference; lastKnownFileType = folder.assetcatalog; path = Images.xcassets; sourceTree = "<group>"; };
		BBDB1F1D1970056800A0DE4C /* XCTest.framework */ = {isa = PBXFileReference; lastKnownFileType = wrapper.framework; name = XCTest.framework; path = Library/Frameworks/XCTest.framework; sourceTree = DEVELOPER_DIR; };
		BBDB218219700C7100A0DE4C /* ESSPhoneNumberField.h */ = {isa = PBXFileReference; fileEncoding = 4; lastKnownFileType = sourcecode.c.h; path = ESSPhoneNumberField.h; sourceTree = "<group>"; };
		BBDB218319700C7100A0DE4C /* ESSPhoneNumberField.m */ = {isa = PBXFileReference; fileEncoding = 4; lastKnownFileType = sourcecode.c.objc; path = ESSPhoneNumberField.m; sourceTree = "<group>"; };
		BBDB21851970107700A0DE4C /* ESSCountryChooser.h */ = {isa = PBXFileReference; fileEncoding = 4; lastKnownFileType = sourcecode.c.h; path = ESSCountryChooser.h; sourceTree = "<group>"; };
		BBDB21861970107700A0DE4C /* ESSCountryChooser.m */ = {isa = PBXFileReference; fileEncoding = 4; lastKnownFileType = sourcecode.c.objc; path = ESSCountryChooser.m; sourceTree = "<group>"; };
		BBDB21E81970309100A0DE4C /* NBAsYouTypeFormatter.h */ = {isa = PBXFileReference; fileEncoding = 4; lastKnownFileType = sourcecode.c.h; path = NBAsYouTypeFormatter.h; sourceTree = "<group>"; };
		BBDB21E91970309100A0DE4C /* NBAsYouTypeFormatter.m */ = {isa = PBXFileReference; fileEncoding = 4; lastKnownFileType = sourcecode.c.objc; path = NBAsYouTypeFormatter.m; sourceTree = "<group>"; };
		BBDB21EA1970309100A0DE4C /* NBNumberFormat.h */ = {isa = PBXFileReference; fileEncoding = 4; lastKnownFileType = sourcecode.c.h; path = NBNumberFormat.h; sourceTree = "<group>"; };
		BBDB21EB1970309100A0DE4C /* NBNumberFormat.m */ = {isa = PBXFileReference; fileEncoding = 4; lastKnownFileType = sourcecode.c.objc; path = NBNumberFormat.m; sourceTree = "<group>"; };
		BBDB21EC1970309100A0DE4C /* NBPhoneMetaData.h */ = {isa = PBXFileReference; fileEncoding = 4; lastKnownFileType = sourcecode.c.h; path = NBPhoneMetaData.h; sourceTree = "<group>"; };
		BBDB21ED1970309100A0DE4C /* NBPhoneMetaData.m */ = {isa = PBXFileReference; fileEncoding = 4; lastKnownFileType = sourcecode.c.objc; path = NBPhoneMetaData.m; sourceTree = "<group>"; };
		BBDB21EE1970309100A0DE4C /* NBPhoneNumber.h */ = {isa = PBXFileReference; fileEncoding = 4; lastKnownFileType = sourcecode.c.h; path = NBPhoneNumber.h; sourceTree = "<group>"; };
		BBDB21EF1970309100A0DE4C /* NBPhoneNumber.m */ = {isa = PBXFileReference; fileEncoding = 4; lastKnownFileType = sourcecode.c.objc; path = NBPhoneNumber.m; sourceTree = "<group>"; };
		BBDB21F01970309100A0DE4C /* NBPhoneNumberDefines.h */ = {isa = PBXFileReference; fileEncoding = 4; lastKnownFileType = sourcecode.c.h; path = NBPhoneNumberDefines.h; sourceTree = "<group>"; };
		BBDB21F11970309100A0DE4C /* NBPhoneNumberDesc.h */ = {isa = PBXFileReference; fileEncoding = 4; lastKnownFileType = sourcecode.c.h; path = NBPhoneNumberDesc.h; sourceTree = "<group>"; };
		BBDB21F21970309100A0DE4C /* NBPhoneNumberDesc.m */ = {isa = PBXFileReference; fileEncoding = 4; lastKnownFileType = sourcecode.c.objc; path = NBPhoneNumberDesc.m; sourceTree = "<group>"; };
		BBDB21F31970309100A0DE4C /* NBPhoneNumberUtil.h */ = {isa = PBXFileReference; fileEncoding = 4; lastKnownFileType = sourcecode.c.h; path = NBPhoneNumberUtil.h; sourceTree = "<group>"; };
		BBDB21F41970309100A0DE4C /* NBPhoneNumberUtil.m */ = {isa = PBXFileReference; fileEncoding = 4; lastKnownFileType = sourcecode.c.objc; path = NBPhoneNumberUtil.m; sourceTree = "<group>"; };
		BBDB21F51970309100A0DE4C /* NSArray+NBAdditions.h */ = {isa = PBXFileReference; fileEncoding = 4; lastKnownFileType = sourcecode.c.h; path = "NSArray+NBAdditions.h"; sourceTree = "<group>"; };
		BBDB21F61970309100A0DE4C /* NSArray+NBAdditions.m */ = {isa = PBXFileReference; fileEncoding = 4; lastKnownFileType = sourcecode.c.objc; path = "NSArray+NBAdditions.m"; sourceTree = "<group>"; };
		BBDB21FF1970312400A0DE4C /* NBPhoneNumberMetadata.plist */ = {isa = PBXFileReference; lastKnownFileType = file.bplist; path = NBPhoneNumberMetadata.plist; sourceTree = "<group>"; };
		BBDB22001970312400A0DE4C /* NBPhoneNumberMetadataForTesting.plist */ = {isa = PBXFileReference; lastKnownFileType = file.bplist; path = NBPhoneNumberMetadataForTesting.plist; sourceTree = "<group>"; };
		BBDB22031970314900A0DE4C /* CoreTelephony.framework */ = {isa = PBXFileReference; lastKnownFileType = wrapper.framework; name = CoreTelephony.framework; path = System/Library/Frameworks/CoreTelephony.framework; sourceTree = SDKROOT; };
/* End PBXFileReference section */

/* Begin PBXFrameworksBuildPhase section */
		BBDB1EFE1970056800A0DE4C /* Frameworks */ = {
			isa = PBXFrameworksBuildPhase;
			buildActionMask = 2147483647;
			files = (
				BBDB22041970314900A0DE4C /* CoreTelephony.framework in Frameworks */,
				BBDB1F071970056800A0DE4C /* CoreGraphics.framework in Frameworks */,
				BBDB1F091970056800A0DE4C /* UIKit.framework in Frameworks */,
				BBDB1F051970056800A0DE4C /* Foundation.framework in Frameworks */,
			);
			runOnlyForDeploymentPostprocessing = 0;
		};
/* End PBXFrameworksBuildPhase section */

/* Begin PBXGroup section */
		BBDB1EF81970056800A0DE4C = {
			isa = PBXGroup;
			children = (
				BBDB1F0A1970056800A0DE4C /* ESSPhoneNumberFieldDemo */,
				BBDB1F34197005A800A0DE4C /* ESSPhoneNumberField */,
				BBDB1F331970059700A0DE4C /* Vendor */,
				BBDB1F031970056800A0DE4C /* Frameworks */,
				BBDB1F021970056800A0DE4C /* Products */,
			);
			sourceTree = "<group>";
		};
		BBDB1F021970056800A0DE4C /* Products */ = {
			isa = PBXGroup;
			children = (
				BBDB1F011970056800A0DE4C /* ESSPhoneNumberFieldDemo.app */,
			);
			name = Products;
			sourceTree = "<group>";
		};
		BBDB1F031970056800A0DE4C /* Frameworks */ = {
			isa = PBXGroup;
			children = (
				BBDB22031970314900A0DE4C /* CoreTelephony.framework */,
				BBDB1F041970056800A0DE4C /* Foundation.framework */,
				BBDB1F061970056800A0DE4C /* CoreGraphics.framework */,
				BBDB1F081970056800A0DE4C /* UIKit.framework */,
				BBDB1F1D1970056800A0DE4C /* XCTest.framework */,
			);
			name = Frameworks;
			sourceTree = "<group>";
		};
		BBDB1F0A1970056800A0DE4C /* ESSPhoneNumberFieldDemo */ = {
			isa = PBXGroup;
			children = (
				BBDB1F131970056800A0DE4C /* ESSAppDelegate.h */,
				BBDB1F141970056800A0DE4C /* ESSAppDelegate.m */,
				BB83AED9197061A000BE674F /* ESSPhoneNumberFieldDemoViewController.h */,
				BB83AEDA197061A000BE674F /* ESSPhoneNumberFieldDemoViewController.m */,
				BB83AEDB197061A000BE674F /* ESSPhoneNumberFieldDemoViewController.xib */,
				BBDB1F161970056800A0DE4C /* Images.xcassets */,
				BBDB1F0B1970056800A0DE4C /* Supporting Files */,
			);
			path = ESSPhoneNumberFieldDemo;
			sourceTree = "<group>";
		};
		BBDB1F0B1970056800A0DE4C /* Supporting Files */ = {
			isa = PBXGroup;
			children = (
				BBDB1F0C1970056800A0DE4C /* ESSPhoneNumberFieldDemo-Info.plist */,
				BBDB1F0D1970056800A0DE4C /* InfoPlist.strings */,
				BBDB1F101970056800A0DE4C /* main.m */,
				BBDB1F121970056800A0DE4C /* ESSPhoneNumberFieldDemo-Prefix.pch */,
			);
			name = "Supporting Files";
			sourceTree = "<group>";
		};
		BBDB1F331970059700A0DE4C /* Vendor */ = {
			isa = PBXGroup;
			children = (
				BBDB218819701EF700A0DE4C /* libPhoneNumber */,
			);
			name = Vendor;
			path = ../../Vendor;
			sourceTree = SOURCE_ROOT;
		};
		BBDB1F34197005A800A0DE4C /* ESSPhoneNumberField */ = {
			isa = PBXGroup;
			children = (
				BBDB218219700C7100A0DE4C /* ESSPhoneNumberField.h */,
				BBDB218319700C7100A0DE4C /* ESSPhoneNumberField.m */,
				BBDB21851970107700A0DE4C /* ESSCountryChooser.h */,
				BBDB21861970107700A0DE4C /* ESSCountryChooser.m */,
				BBB93EF51971BCF500D49A8C /* ESSCountryChooserCell.h */,
				BBB93EF61971BCF500D49A8C /* ESSCountryChooserCell.m */,
				BBB93EF71971BCF500D49A8C /* ESSCountryChooserCell.xib */,
				BB83AEDE197070D200BE674F /* ESSCountry.h */,
				BB83AEDF197070D200BE674F /* ESSCountry.m */,
			);
			name = ESSPhoneNumberField;
			path = ../../ESSPhoneNumberField;
			sourceTree = "<group>";
		};
		BBDB218819701EF700A0DE4C /* libPhoneNumber */ = {
			isa = PBXGroup;
			children = (
				BBDB21FE197030E500A0DE4C /* Metadata Classes */,
				BBDB21E81970309100A0DE4C /* NBAsYouTypeFormatter.h */,
				BBDB21E91970309100A0DE4C /* NBAsYouTypeFormatter.m */,
				BBDB21EA1970309100A0DE4C /* NBNumberFormat.h */,
				BBDB21EB1970309100A0DE4C /* NBNumberFormat.m */,
				BBDB21EC1970309100A0DE4C /* NBPhoneMetaData.h */,
				BBDB21ED1970309100A0DE4C /* NBPhoneMetaData.m */,
				BBDB21EE1970309100A0DE4C /* NBPhoneNumber.h */,
				BBDB21EF1970309100A0DE4C /* NBPhoneNumber.m */,
				BBDB21F01970309100A0DE4C /* NBPhoneNumberDefines.h */,
				BBDB21F11970309100A0DE4C /* NBPhoneNumberDesc.h */,
				BBDB21F21970309100A0DE4C /* NBPhoneNumberDesc.m */,
				BBDB21F31970309100A0DE4C /* NBPhoneNumberUtil.h */,
				BBDB21F41970309100A0DE4C /* NBPhoneNumberUtil.m */,
				BBDB21F51970309100A0DE4C /* NSArray+NBAdditions.h */,
				BBDB21F61970309100A0DE4C /* NSArray+NBAdditions.m */,
			);
			path = libPhoneNumber;
			sourceTree = "<group>";
		};
		BBDB21FE197030E500A0DE4C /* Metadata Classes */ = {
			isa = PBXGroup;
			children = (
				BBDB21FF1970312400A0DE4C /* NBPhoneNumberMetadata.plist */,
				BBDB22001970312400A0DE4C /* NBPhoneNumberMetadataForTesting.plist */,
			);
			path = "Metadata Classes";
			sourceTree = "<group>";
		};
/* End PBXGroup section */

/* Begin PBXNativeTarget section */
		BBDB1F001970056800A0DE4C /* ESSPhoneNumberFieldDemo */ = {
			isa = PBXNativeTarget;
			buildConfigurationList = BBDB1F2D1970056800A0DE4C /* Build configuration list for PBXNativeTarget "ESSPhoneNumberFieldDemo" */;
			buildPhases = (
				BBDB1EFD1970056800A0DE4C /* Sources */,
				BBDB1EFE1970056800A0DE4C /* Frameworks */,
				BBDB1EFF1970056800A0DE4C /* Resources */,
			);
			buildRules = (
			);
			dependencies = (
			);
			name = ESSPhoneNumberFieldDemo;
			productName = ESSPhoneNumberFieldDemo;
			productReference = BBDB1F011970056800A0DE4C /* ESSPhoneNumberFieldDemo.app */;
			productType = "com.apple.product-type.application";
		};
/* End PBXNativeTarget section */

/* Begin PBXProject section */
		BBDB1EF91970056800A0DE4C /* Project object */ = {
			isa = PBXProject;
			attributes = {
				CLASSPREFIX = ESS;
				LastUpgradeCheck = 0510;
				ORGANIZATIONNAME = "Erik Strottmann";
			};
			buildConfigurationList = BBDB1EFC1970056800A0DE4C /* Build configuration list for PBXProject "ESSPhoneNumberFieldDemo" */;
			compatibilityVersion = "Xcode 3.2";
			developmentRegion = English;
			hasScannedForEncodings = 0;
			knownRegions = (
				en,
			);
			mainGroup = BBDB1EF81970056800A0DE4C;
			productRefGroup = BBDB1F021970056800A0DE4C /* Products */;
			projectDirPath = "";
			projectRoot = "";
			targets = (
				BBDB1F001970056800A0DE4C /* ESSPhoneNumberFieldDemo */,
			);
		};
/* End PBXProject section */

/* Begin PBXResourcesBuildPhase section */
		BBDB1EFF1970056800A0DE4C /* Resources */ = {
			isa = PBXResourcesBuildPhase;
			buildActionMask = 2147483647;
			files = (
				BBDB22021970312400A0DE4C /* NBPhoneNumberMetadataForTesting.plist in Resources */,
				BB83AEDD197061A000BE674F /* ESSPhoneNumberFieldDemoViewController.xib in Resources */,
				BBDB1F0F1970056800A0DE4C /* InfoPlist.strings in Resources */,
				BBDB1F171970056800A0DE4C /* Images.xcassets in Resources */,
				BBB93EF91971BCF500D49A8C /* ESSCountryChooserCell.xib in Resources */,
				BBDB22011970312400A0DE4C /* NBPhoneNumberMetadata.plist in Resources */,
			);
			runOnlyForDeploymentPostprocessing = 0;
		};
/* End PBXResourcesBuildPhase section */

/* Begin PBXSourcesBuildPhase section */
		BBDB1EFD1970056800A0DE4C /* Sources */ = {
			isa = PBXSourcesBuildPhase;
			buildActionMask = 2147483647;
			files = (
				BB83AEE0197070D200BE674F /* ESSCountry.m in Sources */,
				BBDB1F151970056800A0DE4C /* ESSAppDelegate.m in Sources */,
				BBB93EF81971BCF500D49A8C /* ESSCountryChooserCell.m in Sources */,
				BBDB218419700C7100A0DE4C /* ESSPhoneNumberField.m in Sources */,
				BBDB21871970107700A0DE4C /* ESSCountryChooser.m in Sources */,
				BBDB21F81970309100A0DE4C /* NBNumberFormat.m in Sources */,
				BBDB21FB1970309100A0DE4C /* NBPhoneNumberDesc.m in Sources */,
				BB83AEDC197061A000BE674F /* ESSPhoneNumberFieldDemoViewController.m in Sources */,
				BBDB21FA1970309100A0DE4C /* NBPhoneNumber.m in Sources */,
				BBDB21F71970309100A0DE4C /* NBAsYouTypeFormatter.m in Sources */,
				BBDB1F111970056800A0DE4C /* main.m in Sources */,
				BBDB21FC1970309100A0DE4C /* NBPhoneNumberUtil.m in Sources */,
				BBDB21FD1970309100A0DE4C /* NSArray+NBAdditions.m in Sources */,
				BBDB21F91970309100A0DE4C /* NBPhoneMetaData.m in Sources */,
			);
			runOnlyForDeploymentPostprocessing = 0;
		};
/* End PBXSourcesBuildPhase section */

/* Begin PBXVariantGroup section */
		BBDB1F0D1970056800A0DE4C /* InfoPlist.strings */ = {
			isa = PBXVariantGroup;
			children = (
				BBDB1F0E1970056800A0DE4C /* en */,
			);
			name = InfoPlist.strings;
			sourceTree = "<group>";
		};
/* End PBXVariantGroup section */

/* Begin XCBuildConfiguration section */
		BBDB1F2B1970056800A0DE4C /* Debug */ = {
			isa = XCBuildConfiguration;
			buildSettings = {
				ALWAYS_SEARCH_USER_PATHS = NO;
				CLANG_CXX_LANGUAGE_STANDARD = "gnu++0x";
				CLANG_CXX_LIBRARY = "libc++";
				CLANG_ENABLE_MODULES = YES;
				CLANG_ENABLE_OBJC_ARC = YES;
				CLANG_WARN_BOOL_CONVERSION = YES;
				CLANG_WARN_CONSTANT_CONVERSION = YES;
				CLANG_WARN_DIRECT_OBJC_ISA_USAGE = YES_ERROR;
				CLANG_WARN_EMPTY_BODY = YES;
				CLANG_WARN_ENUM_CONVERSION = YES;
				CLANG_WARN_INT_CONVERSION = YES;
				CLANG_WARN_OBJC_ROOT_CLASS = YES_ERROR;
				CLANG_WARN__DUPLICATE_METHOD_MATCH = YES;
				"CODE_SIGN_IDENTITY[sdk=iphoneos*]" = "iPhone Developer";
				COPY_PHASE_STRIP = NO;
				GCC_C_LANGUAGE_STANDARD = gnu99;
				GCC_DYNAMIC_NO_PIC = NO;
				GCC_OPTIMIZATION_LEVEL = 0;
				GCC_PREPROCESSOR_DEFINITIONS = (
					"DEBUG=1",
					"$(inherited)",
				);
				GCC_SYMBOLS_PRIVATE_EXTERN = NO;
				GCC_WARN_64_TO_32_BIT_CONVERSION = YES;
				GCC_WARN_ABOUT_RETURN_TYPE = YES_ERROR;
				GCC_WARN_UNDECLARED_SELECTOR = YES;
				GCC_WARN_UNINITIALIZED_AUTOS = YES_AGGRESSIVE;
				GCC_WARN_UNUSED_FUNCTION = YES;
				GCC_WARN_UNUSED_VARIABLE = YES;
				IPHONEOS_DEPLOYMENT_TARGET = 7.1;
				ONLY_ACTIVE_ARCH = YES;
				SDKROOT = iphoneos;
				TARGETED_DEVICE_FAMILY = 2;
			};
			name = Debug;
		};
		BBDB1F2C1970056800A0DE4C /* Release */ = {
			isa = XCBuildConfiguration;
			buildSettings = {
				ALWAYS_SEARCH_USER_PATHS = NO;
				CLANG_CXX_LANGUAGE_STANDARD = "gnu++0x";
				CLANG_CXX_LIBRARY = "libc++";
				CLANG_ENABLE_MODULES = YES;
				CLANG_ENABLE_OBJC_ARC = YES;
				CLANG_WARN_BOOL_CONVERSION = YES;
				CLANG_WARN_CONSTANT_CONVERSION = YES;
				CLANG_WARN_DIRECT_OBJC_ISA_USAGE = YES_ERROR;
				CLANG_WARN_EMPTY_BODY = YES;
				CLANG_WARN_ENUM_CONVERSION = YES;
				CLANG_WARN_INT_CONVERSION = YES;
				CLANG_WARN_OBJC_ROOT_CLASS = YES_ERROR;
				CLANG_WARN__DUPLICATE_METHOD_MATCH = YES;
				"CODE_SIGN_IDENTITY[sdk=iphoneos*]" = "iPhone Developer";
				COPY_PHASE_STRIP = YES;
				ENABLE_NS_ASSERTIONS = NO;
				GCC_C_LANGUAGE_STANDARD = gnu99;
				GCC_WARN_64_TO_32_BIT_CONVERSION = YES;
				GCC_WARN_ABOUT_RETURN_TYPE = YES_ERROR;
				GCC_WARN_UNDECLARED_SELECTOR = YES;
				GCC_WARN_UNINITIALIZED_AUTOS = YES_AGGRESSIVE;
				GCC_WARN_UNUSED_FUNCTION = YES;
				GCC_WARN_UNUSED_VARIABLE = YES;
				IPHONEOS_DEPLOYMENT_TARGET = 7.1;
				SDKROOT = iphoneos;
				TARGETED_DEVICE_FAMILY = 2;
				VALIDATE_PRODUCT = YES;
			};
			name = Release;
		};
		BBDB1F2E1970056800A0DE4C /* Debug */ = {
			isa = XCBuildConfiguration;
			buildSettings = {
				ASSETCATALOG_COMPILER_APPICON_NAME = AppIcon;
				ASSETCATALOG_COMPILER_LAUNCHIMAGE_NAME = LaunchImage;
				GCC_PRECOMPILE_PREFIX_HEADER = YES;
				GCC_PREFIX_HEADER = "ESSPhoneNumberFieldDemo/ESSPhoneNumberFieldDemo-Prefix.pch";
				INFOPLIST_FILE = "ESSPhoneNumberFieldDemo/ESSPhoneNumberFieldDemo-Info.plist";
				PRODUCT_NAME = "$(TARGET_NAME)";
				TARGETED_DEVICE_FAMILY = 1;
				WRAPPER_EXTENSION = app;
			};
			name = Debug;
		};
		BBDB1F2F1970056800A0DE4C /* Release */ = {
			isa = XCBuildConfiguration;
			buildSettings = {
				ASSETCATALOG_COMPILER_APPICON_NAME = AppIcon;
				ASSETCATALOG_COMPILER_LAUNCHIMAGE_NAME = LaunchImage;
				GCC_PRECOMPILE_PREFIX_HEADER = YES;
				GCC_PREFIX_HEADER = "ESSPhoneNumberFieldDemo/ESSPhoneNumberFieldDemo-Prefix.pch";
				INFOPLIST_FILE = "ESSPhoneNumberFieldDemo/ESSPhoneNumberFieldDemo-Info.plist";
				PRODUCT_NAME = "$(TARGET_NAME)";
				TARGETED_DEVICE_FAMILY = 1;
				WRAPPER_EXTENSION = app;
			};
			name = Release;
		};
/* End XCBuildConfiguration section */

/* Begin XCConfigurationList section */
		BBDB1EFC1970056800A0DE4C /* Build configuration list for PBXProject "ESSPhoneNumberFieldDemo" */ = {
			isa = XCConfigurationList;
			buildConfigurations = (
				BBDB1F2B1970056800A0DE4C /* Debug */,
				BBDB1F2C1970056800A0DE4C /* Release */,
			);
			defaultConfigurationIsVisible = 0;
			defaultConfigurationName = Release;
		};
		BBDB1F2D1970056800A0DE4C /* Build configuration list for PBXNativeTarget "ESSPhoneNumberFieldDemo" */ = {
			isa = XCConfigurationList;
			buildConfigurations = (
				BBDB1F2E1970056800A0DE4C /* Debug */,
				BBDB1F2F1970056800A0DE4C /* Release */,
			);
			defaultConfigurationIsVisible = 0;
			defaultConfigurationName = Release;
		};
/* End XCConfigurationList section */
	};
	rootObject = BBDB1EF91970056800A0DE4C /* Project object */;
}
